
Microsoft Visual Studio Solution File, Format Version 12.00
# Visual Studio 2012
Project("{FAE04EC0-301F-11D3-BF4B-00C04F79EFBC}") = "GOLNET001", "GOLProject.csproj", "{9040D902-1C5A-4C61-A47A-996E390272EB}"
EndProject
Global
	GlobalSection(SolutionConfigurationPlatforms) = preSolution
		Debug|Any CPU = Debug|Any CPU
		Release|Any CPU = Release|Any CPU
	EndGlobalSection
	GlobalSection(ProjectConfigurationPlatforms) = postSolution
		{9040D902-1C5A-4C61-A47A-996E390272EB}.Debug|Any CPU.ActiveCfg = Debug|Any CPU
		{9040D902-1C5A-4C61-A47A-996E390272EB}.Debug|Any CPU.Build.0 = Debug|Any CPU
		{9040D902-1C5A-4C61-A47A-996E390272EB}.Release|Any CPU.ActiveCfg = Release|Any CPU
		{9040D902-1C5A-4C61-A47A-996E390272EB}.Release|Any CPU.Build.0 = Release|Any CPU
	EndGlobalSection
	GlobalSection(SolutionProperties) = preSolution
		HideSolutionNode = FALSE
	EndGlobalSection
EndGlobal
